{
  "nodes": {
    "flake-parts": {
      "inputs": {
        "nixpkgs-lib": [
          "nixpkgs"
        ]
      },
      "locked": {
        "lastModified": 1775087534,
        "narHash": "sha256-91qqW8lhL7TLwgQWijoGBbiD4t7/q75KTi8NxjVmSmA=",
        "owner": "hercules-ci",
        "repo": "flake-parts",
        "rev": "3107b77cd68437b9a76194f0f7f9c55f2329ca5b",
        "type": "github"
      },
      "original": {
        "owner": "hercules-ci",
        "repo": "flake-parts",
        "type": "github"
      }
    },
    "flake-utils": {
      "inputs": {
        "systems": [
          "systems"
        ]
      },
      "locked": {
        "lastModified": 1731533236,
        "narHash": "sha256-l0KFg5HjrsfsO/JpG+r7fRrqm12kzFHyUHqHCVpMMbI=",
        "owner": "numtide",
        "repo": "flake-utils",
        "rev": "11707dc2f618dd54ca8739b309ec4fc024de578b",
        "type": "github"
      },
      "original": {
        "owner": "numtide",
        "repo": "flake-utils",
        "type": "github"
      }
    },
    "gomod2nix": {
      "inputs": {
        "flake-utils": "flake-utils",
        "nixpkgs": [
          "tangled",
          "nixpkgs"
        ]
      },
      "locked": {
        "lastModified": 1763982521,
        "narHash": "sha256-ur4QIAHwgFc0vXiaxn5No/FuZicxBr2p0gmT54xZkUQ=",
        "owner": "nix-community",
        "repo": "gomod2nix",
        "rev": "02e63a239d6eabd595db56852535992c898eba72",
        "type": "github"
      },
      "original": {
        "owner": "nix-community",
        "repo": "gomod2nix",
        "type": "github"
      }
    },
    "hjem": {
      "inputs": {
        "nix-darwin": [],
        "nixpkgs": [
          "nixpkgs"
        ]
      },
      "locked": {
        "lastModified": 1776684358,
        "narHash": "sha256-Nn42mX8ikB1hpLwceqe65yJx7/T87j1Cpyik2KL6/YY=",
        "owner": "feel-co",
        "repo": "hjem",
        "rev": "fb7ee87a1e72b3b21723d5ec76c8ca395c02fbc6",
        "type": "github"
      },
      "original": {
        "owner": "feel-co",
        "repo": "hjem",
        "type": "github"
      }
    },
    "hjem-rum": {
      "inputs": {
        "hjem": [
          "hjem"
        ],
        "ndg": [],
        "nixpkgs": [
          "nixpkgs"
        ],
        "treefmt-nix": []
      },
      "locked": {
        "lastModified": 1774720039,
        "narHash": "sha256-n+hYOHRF5/DWuyd1su/DCD3iFBZ8Np4l0ss9NNqUSiI=",
        "owner": "snugnug",
        "repo": "hjem-rum",
        "rev": "fdfb0cd3d735116a0356ce5a856059669a27ae96",
        "type": "github"
      },
      "original": {
        "owner": "snugnug",
        "repo": "hjem-rum",
        "type": "github"
      }
    },
    "home-manager": {
      "inputs": {
        "nixpkgs": [
          "nixpkgs"
        ]
      },
      "locked": {
        "lastModified": 1776701552,
        "narHash": "sha256-CCRzOEFg6JwCdZIR5dLD0ypah5/e2JQVuWQ/l3rYrPY=",
        "owner": "nix-community",
        "repo": "home-manager",
        "rev": "c81775b640d4507339d127f5adb4105f6015edf2",
        "type": "github"
      },
      "original": {
        "owner": "nix-community",
        "repo": "home-manager",
        "type": "github"
      }
    },
    "mnw": {
      "locked": {
        "lastModified": 1770419553,
        "narHash": "sha256-b1XqsH7AtVf2dXmq2iyRr2NC1yG7skY7Z6N2MpWHlK4=",
        "owner": "Gerg-L",
        "repo": "mnw",
        "rev": "2aaffa8030d0b262176146adbb6b0e6374ce2957",
        "type": "github"
      },
      "original": {
        "owner": "Gerg-L",
        "repo": "mnw",
        "type": "github"
      }
    },
    "niri": {
      "inputs": {
        "git-hooks": [],
        "niri-unstable": "niri-unstable",
        "nixpkgs": "nixpkgs",
        "xwayland-satellite-unstable": "xwayland-satellite-unstable"
      },
      "locked": {
        "lastModified": 1776644306,
        "narHash": "sha256-VELZQnHYtc4YBz1cKR9BQ9F8QIWM5jW33RJ4+qFq0Rc=",
        "ref": "refs/heads/main",
        "rev": "c3ae3f534d22dab18f261c0b75c32fc3950ecc29",
        "revCount": 92,
        "type": "git",
        "url": "https://codeberg.org/BANanaD3V/niri-nix"
      },
      "original": {
        "type": "git",
        "url": "https://codeberg.org/BANanaD3V/niri-nix"
      }
    },
    "niri-unstable": {
      "flake": false,
      "locked": {
        "lastModified": 1776598536,
        "narHash": "sha256-7Bbp0fDBJMDRpKfdHelMXbhY51bdCa5+Qn/+XONaOwk=",
        "owner": "YaLTeR",
        "repo": "niri",
        "rev": "68bb942d2146cd2c8af69c0f16db18396b4388fe",
        "type": "github"
      },
      "original": {
        "owner": "YaLTeR",
        "repo": "niri",
        "type": "github"
      }
    },
    "nixos-core": {
      "inputs": {
        "nixpkgs": [
          "nixpkgs"
        ]
      },
      "locked": {
        "lastModified": 1776611564,
        "narHash": "sha256-L2X5RFeOJ4/C7hMxgmlV4A7jQ4XZoXXuNblclq9XAKM=",
        "owner": "feel-co",
        "repo": "nixos-core",
        "rev": "74a028e55e2791c3fa7912171aacd51aac5dd00b",
        "type": "github"
      },
      "original": {
        "owner": "feel-co",
        "repo": "nixos-core",
        "type": "github"
      }
    },
    "nixpkgs": {
      "locked": {
        "lastModified": 1776169885,
        "narHash": "sha256-l/iNYDZ4bGOAFQY2q8y5OAfBBtrDAaPuRQqWaFHVRXM=",
        "owner": "nixos",
        "repo": "nixpkgs",
        "rev": "4bd9165a9165d7b5e33ae57f3eecbcb28fb231c9",
        "type": "github"
      },
      "original": {
        "owner": "nixos",
        "ref": "nixos-unstable",
        "repo": "nixpkgs",
        "type": "github"
      }
    },
    "nixpkgs_2": {
      "locked": {
        "lastModified": 1776548001,
        "narHash": "sha256-qH3mBrZnNsPdwpAgvG2Olgzsp5kt+Sibpm1tx1pxkcQ=",
        "rev": "b12141ef619e0a9c1c84dc8c684040326f27cdcc",
        "type": "tarball",
        "url": "https://releases.nixos.org/nixos/unstable/nixos-26.05pre982522.b12141ef619e/nixexprs.tar.xz"
      },
      "original": {
        "type": "tarball",
        "url": "https://channels.nixos.org/nixos-unstable/nixexprs.tar.xz"
      }
    },
    "nixpkgs_3": {
      "locked": {
        "lastModified": 1774386573,
        "narHash": "sha256-4hAV26quOxdC6iyG7kYaZcM3VOskcPUrdCQd/nx8obc=",
        "owner": "nixos",
        "repo": "nixpkgs",
        "rev": "46db2e09e1d3f113a13c0d7b81e2f221c63b8ce9",
        "type": "github"
      },
      "original": {
        "owner": "nixos",
        "ref": "nixos-unstable",
        "repo": "nixpkgs",
        "type": "github"
      }
    },
    "nvf": {
      "inputs": {
        "flake-compat": [],
        "flake-parts": [
          "flake-parts"
        ],
        "mnw": "mnw",
        "ndg": [],
        "nixpkgs": "nixpkgs_3",
        "systems": [
          "systems"
        ]
      },
      "locked": {
        "lastModified": 1776695587,
        "narHash": "sha256-XXn/vKRCiwCkAzXvOxNyLE0mRDfFa0axQDJYMikaGY8=",
        "owner": "notashelf",
        "repo": "nvf",
        "rev": "4de19e12094a30d3cd205822536e0c3c57cba66c",
        "type": "github"
      },
      "original": {
        "owner": "notashelf",
        "repo": "nvf",
        "type": "github"
      }
    },
    "root": {
      "inputs": {
        "flake-parts": "flake-parts",
        "hjem": "hjem",
        "hjem-rum": "hjem-rum",
        "home-manager": "home-manager",
        "niri": "niri",
        "nixos-core": "nixos-core",
        "nixpkgs": "nixpkgs_2",
        "nvf": "nvf",
        "systems": "systems",
        "tangled": "tangled"
      }
    },
    "sqlite-lib-src": {
      "flake": false,
      "locked": {
        "lastModified": 1706631843,
        "narHash": "sha256-bJoMjirsBjm2Qk9KPiy3yV3+8b/POlYe76/FQbciHro=",
        "type": "tarball",
        "url": "https://sqlite.org/2024/sqlite-amalgamation-3450100.zip"
      },
      "original": {
        "type": "tarball",
        "url": "https://sqlite.org/2024/sqlite-amalgamation-3450100.zip"
      }
    },
    "systems": {
      "locked": {
        "lastModified": 1689347949,
        "narHash": "sha256-12tWmuL2zgBgZkdoB6qXZsgJEH9LR3oUgpaQq2RbI80=",
        "owner": "nix-systems",
        "repo": "default-linux",
        "rev": "31732fcf5e8fea42e59c2488ad31a0e651500f68",
        "type": "github"
      },
      "original": {
        "owner": "nix-systems",
        "repo": "default-linux",
        "type": "github"
      }
    },
    "tangled": {
      "inputs": {
        "actor-typeahead-src": [],
        "fenix": [],
        "flake-compat": [],
        "gomod2nix": "gomod2nix",
        "htmx-src": [],
        "htmx-ws-src": [],
        "ibm-plex-mono-src": [],
        "indigo": [],
        "inter-fonts-src": [],
        "lucide-src": [],
        "mermaid-src": [],
        "nixpkgs": [
          "nixpkgs"
        ],
        "sqlite-lib-src": "sqlite-lib-src"
      },
      "locked": {
        "lastModified": 1776701244,
        "narHash": "sha256-2pAm78UoPHUfP0O6GhmZW2wPhvfNJNotr7UT3Q5zQek=",
        "ref": "refs/heads/master",
        "rev": "33382a02c77ac58a22a44f09951d9c50e2792ec0",
        "revCount": 2254,
        "type": "git",
        "url": "https://tangled.org/tangled.org/core"
      },
      "original": {
        "type": "git",
        "url": "https://tangled.org/tangled.org/core"
      }
    },
    "xwayland-satellite-unstable": {
      "flake": false,
      "locked": {
        "lastModified": 1773622265,
        "narHash": "sha256-wToKwH7IgWdGLMSIWksEDs4eumR6UbbsuPQ42r0oTXQ=",
        "owner": "Supreeeme",
        "repo": "xwayland-satellite",
        "rev": "a879e5e0896a326adc79c474bf457b8b99011027",
        "type": "github"
      },
      "original": {
        "owner": "Supreeeme",
        "repo": "xwayland-satellite",
        "type": "github"
      }
    }
  },
  "root": "root",
  "version": 7
}
